
Microsoft Visual Studio Solution File, Format Version 12.00
# Visual Studio 15
VisualStudioVersion = 15.0.27703.2035
MinimumVisualStudioVersion = 10.0.40219.1
Project("{FAE04EC0-301F-11D3-BF4B-00C04F79EFBC}") = "SignaturePadUsingXamarinForms.Android", "SignaturePadUsingXamarinForms\SignaturePadUsingXamarinForms.Android\SignaturePadUsingXamarinForms.Android.csproj", "{C1691CFD-A893-4D2F-B75A-CAB48C1CC1A4}"
EndProject
Project("{FAE04EC0-301F-11D3-BF4B-00C04F79EFBC}") = "SignaturePadUsingXamarinForms.iOS", "SignaturePadUsingXamarinForms\SignaturePadUsingXamarinForms.iOS\SignaturePadUsingXamarinForms.iOS.csproj", "{B431A4B8-576D-44FA-BC94-32E1C4CDB7E0}"
EndProject
Project("{FAE04EC0-301F-11D3-BF4B-00C04F79EFBC}") = "SignaturePadUsingXamarinForms.UWP", "SignaturePadUsingXamarinForms\SignaturePadUsingXamarinForms.UWP\SignaturePadUsingXamarinForms.UWP.csproj", "{0D775D3C-D1FF-47D9-8751-221C3CD3544C}"
EndProject
Project("{FAE04EC0-301F-11D3-BF4B-00C04F79EFBC}") = "SignaturePadUsingXamarinForms", "SignaturePadUsingXamarinForms\SignaturePadUsingXamarinForms\SignaturePadUsingXamarinForms.csproj", "{3F7848DB-9C1B-4E2D-8F86-A9A4DFF6160B}"
EndProject
Global
	GlobalSection(SolutionConfigurationPlatforms) = preSolution
		Ad-Hoc|Any CPU = Ad-Hoc|Any CPU
		Ad-Hoc|ARM = Ad-Hoc|ARM
		Ad-Hoc|iPhone = Ad-Hoc|iPhone
		Ad-Hoc|iPhoneSimulator = Ad-Hoc|iPhoneSimulator
		Ad-Hoc|x64 = Ad-Hoc|x64
		Ad-Hoc|x86 = Ad-Hoc|x86
		AppStore|Any CPU = AppStore|Any CPU
		AppStore|ARM = AppStore|ARM
		AppStore|iPhone = AppStore|iPhone
		AppStore|iPhoneSimulator = AppStore|iPhoneSimulator
		AppStore|x64 = AppStore|x64
		AppStore|x86 = AppStore|x86
		Debug|Any CPU = Debug|Any CPU
		Debug|ARM = Debug|ARM
		Debug|iPhone = Debug|iPhone
		Debug|iPhoneSimulator = Debug|iPhoneSimulator
		Debug|x64 = Debug|x64
		Debug|x86 = Debug|x86
		Release|Any CPU = Release|Any CPU
		Release|ARM = Release|ARM
		Release|iPhone = Release|iPhone
		Release|iPhoneSimulator = Release|iPhoneSimulator
		Release|x64 = Release|x64
		Release|x86 = Release|x86
	EndGlobalSection
	GlobalSection(ProjectConfigurationPlatforms) = postSolution
		{C1691CFD-A893-4D2F-B75A-CAB48C1CC1A4}.Ad-Hoc|Any CPU.ActiveCfg = Release|Any CPU
		{C1691CFD-A893-4D2F-B75A-CAB48C1CC1A4}.Ad-Hoc|Any CPU.Build.0 = Release|Any CPU
		{C1691CFD-A893-4D2F-B75A-CAB48C1CC1A4}.Ad-Hoc|Any CPU.Deploy.0 = Release|Any CPU
		{C1691CFD-A893-4D2F-B75A-CAB48C1CC1A4}.Ad-Hoc|ARM.ActiveCfg = Release|Any CPU
		{C1691CFD-A893-4D2F-B75A-CAB48C1CC1A4}.Ad-Hoc|ARM.Build.0 = Release|Any CPU
		{C1691CFD-A893-4D2F-B75A-CAB48C1CC1A4}.Ad-Hoc|ARM.Deploy.0 = Release|Any CPU
		{C1691CFD-A893-4D2F-B75A-CAB48C1CC1A4}.Ad-Hoc|iPhone.ActiveCfg = Release|Any CPU
		{C1691CFD-A893-4D2F-B75A-CAB48C1CC1A4}.Ad-Hoc|iPhone.Build.0 = Release|Any CPU
		{C1691CFD-A893-4D2F-B75A-CAB48C1CC1A4}.Ad-Hoc|iPhone.Deploy.0 = Release|Any CPU
		{C1691CFD-A893-4D2F-B75A-CAB48C1CC1A4}.Ad-Hoc|iPhoneSimulator.ActiveCfg = Release|Any CPU
		{C1691CFD-A893-4D2F-B75A-CAB48C1CC1A4}.Ad-Hoc|iPhoneSimulator.Build.0 = Release|Any CPU
		{C1691CFD-A893-4D2F-B75A-CAB48C1CC1A4}.Ad-Hoc|iPhoneSimulator.Deploy.0 = Release|Any CPU
		{C1691CFD-A893-4D2F-B75A-CAB48C1CC1A4}.Ad-Hoc|x64.ActiveCfg = Release|Any CPU
		{C1691CFD-A893-4D2F-B75A-CAB48C1CC1A4}.Ad-Hoc|x64.Build.0 = Release|Any CPU
		{C1691CFD-A893-4D2F-B75A-CAB48C1CC1A4}.Ad-Hoc|x64.Deploy.0 = Release|Any CPU
		{C1691CFD-A893-4D2F-B75A-CAB48C1CC1A4}.Ad-Hoc|x86.ActiveCfg = Release|Any CPU
		{C1691CFD-A893-4D2F-B75A-CAB48C1CC1A4}.Ad-Hoc|x86.Build.0 = Release|Any CPU
		{C1691CFD-A893-4D2F-B75A-CAB48C1CC1A4}.Ad-Hoc|x86.Deploy.0 = Release|Any CPU
		{C1691CFD-A893-4D2F-B75A-CAB48C1CC1A4}.AppStore|Any CPU.ActiveCfg = Release|Any CPU
		{C1691CFD-A893-4D2F-B75A-CAB48C1CC1A4}.AppStore|Any CPU.Build.0 = Release|Any CPU
		{C1691CFD-A893-4D2F-B75A-CAB48C1CC1A4}.AppStore|Any CPU.Deploy.0 = Release|Any CPU
		{C1691CFD-A893-4D2F-B75A-CAB48C1CC1A4}.AppStore|ARM.ActiveCfg = Release|Any CPU
		{C1691CFD-A893-4D2F-B75A-CAB48C1CC1A4}.AppStore|ARM.Build.0 = Release|Any CPU
		{C1691CFD-A893-4D2F-B75A-CAB48C1CC1A4}.AppStore|ARM.Deploy.0 = Release|Any CPU
		{C1691CFD-A893-4D2F-B75A-CAB48C1CC1A4}.AppStore|iPhone.ActiveCfg = Release|Any CPU
		{C1691CFD-A893-4D2F-B75A-CAB48C1CC1A4}.AppStore|iPhone.Build.0 = Release|Any CPU
		{C1691CFD-A893-4D2F-B75A-CAB48C1CC1A4}.AppStore|iPhone.Deploy.0 = Release|Any CPU
		{C1691CFD-A893-4D2F-B75A-CAB48C1CC1A4}.AppStore|iPhoneSimulator.ActiveCfg = Release|Any CPU
		{C1691CFD-A893-4D2F-B75A-CAB48C1CC1A4}.AppStore|iPhoneSimulator.Build.0 = Release|Any CPU
		{C1691CFD-A893-4D2F-B75A-CAB48C1CC1A4}.AppStore|iPhoneSimulator.Deploy.0 = Release|Any CPU
		{C1691CFD-A893-4D2F-B75A-CAB48C1CC1A4}.AppStore|x64.ActiveCfg = Release|Any CPU
		{C1691CFD-A893-4D2F-B75A-CAB48C1CC1A4}.AppStore|x64.Build.0 = Release|Any CPU
		{C1691CFD-A893-4D2F-B75A-CAB48C1CC1A4}.AppStore|x64.Deploy.0 = Release|Any CPU
		{C1691CFD-A893-4D2F-B75A-CAB48C1CC1A4}.AppStore|x86.ActiveCfg = Release|Any CPU
		{C1691CFD-A893-4D2F-B75A-CAB48C1CC1A4}.AppStore|x86.Build.0 = Release|Any CPU
		{C1691CFD-A893-4D2F-B75A-CAB48C1CC1A4}.AppStore|x86.Deploy.0 = Release|Any CPU
		{C1691CFD-A893-4D2F-B75A-CAB48C1CC1A4}.Debug|Any CPU.ActiveCfg = Debug|Any CPU
		{C1691CFD-A893-4D2F-B75A-CAB48C1CC1A4}.Debug|Any CPU.Build.0 = Debug|Any CPU
		{C1691CFD-A893-4D2F-B75A-CAB48C1CC1A4}.Debug|Any CPU.Deploy.0 = Debug|Any CPU
		{C1691CFD-A893-4D2F-B75A-CAB48C1CC1A4}.Debug|ARM.ActiveCfg = Debug|Any CPU
		{C1691CFD-A893-4D2F-B75A-CAB48C1CC1A4}.Debug|ARM.Build.0 = Debug|Any CPU
		{C1691CFD-A893-4D2F-B75A-CAB48C1CC1A4}.Debug|ARM.Deploy.0 = Debug|Any CPU
		{C1691CFD-A893-4D2F-B75A-CAB48C1CC1A4}.Debug|iPhone.ActiveCfg = Debug|Any CPU
		{C1691CFD-A893-4D2F-B75A-CAB48C1CC1A4}.Debug|iPhone.Build.0 = Debug|Any CPU
		{C1691CFD-A893-4D2F-B75A-CAB48C1CC1A4}.Debug|iPhone.Deploy.0 = Debug|Any CPU
		{C1691CFD-A893-4D2F-B75A-CAB48C1CC1A4}.Debug|iPhoneSimulator.ActiveCfg = Debug|Any CPU
		{C1691CFD-A893-4D2F-B75A-CAB48C1CC1A4}.Debug|iPhoneSimulator.Build.0 = Debug|Any CPU
		{C1691CFD-A893-4D2F-B75A-CAB48C1CC1A4}.Debug|iPhoneSimulator.Deploy.0 = Debug|Any CPU
		{C1691CFD-A893-4D2F-B75A-CAB48C1CC1A4}.Debug|x64.ActiveCfg = Debug|Any CPU
		{C1691CFD-A893-4D2F-B75A-CAB48C1CC1A4}.Debug|x64.Build.0 = Debug|Any CPU
		{C1691CFD-A893-4D2F-B75A-CAB48C1CC1A4}.Debug|x64.Deploy.0 = Debug|Any CPU
		{C1691CFD-A893-4D2F-B75A-CAB48C1CC1A4}.Debug|x86.ActiveCfg = Debug|Any CPU
		{C1691CFD-A893-4D2F-B75A-CAB48C1CC1A4}.Debug|x86.Build.0 = Debug|Any CPU
		{C1691CFD-A893-4D2F-B75A-CAB48C1CC1A4}.Debug|x86.Deploy.0 = Debug|Any CPU
		{C1691CFD-A893-4D2F-B75A-CAB48C1CC1A4}.Release|Any CPU.ActiveCfg = Release|Any CPU
		{C1691CFD-A893-4D2F-B75A-CAB48C1CC1A4}.Release|Any CPU.Build.0 = Release|Any CPU
		{C1691CFD-A893-4D2F-B75A-CAB48C1CC1A4}.Release|Any CPU.Deploy.0 = Release|Any CPU
		{C1691CFD-A893-4D2F-B75A-CAB48C1CC1A4}.Release|ARM.ActiveCfg = Release|Any CPU
		{C1691CFD-A893-4D2F-B75A-CAB48C1CC1A4}.Release|ARM.Build.0 = Release|Any CPU
		{C1691CFD-A893-4D2F-B75A-CAB48C1CC1A4}.Release|ARM.Deploy.0 = Release|Any CPU
		{C1691CFD-A893-4D2F-B75A-CAB48C1CC1A4}.Release|iPhone.ActiveCfg = Release|Any CPU
		{C1691CFD-A893-4D2F-B75A-CAB48C1CC1A4}.Release|iPhone.Build.0 = Release|Any CPU
		{C1691CFD-A893-4D2F-B75A-CAB48C1CC1A4}.Release|iPhone.Deploy.0 = Release|Any CPU
		{C1691CFD-A893-4D2F-B75A-CAB48C1CC1A4}.Release|iPhoneSimulator.ActiveCfg = Release|Any CPU
		{C1691CFD-A893-4D2F-B75A-CAB48C1CC1A4}.Release|iPhoneSimulator.Build.0 = Release|Any CPU
		{C1691CFD-A893-4D2F-B75A-CAB48C1CC1A4}.Release|iPhoneSimulator.Deploy.0 = Release|Any CPU
		{C1691CFD-A893-4D2F-B75A-CAB48C1CC1A4}.Release|x64.ActiveCfg = Release|Any CPU
		{C1691CFD-A893-4D2F-B75A-CAB48C1CC1A4}.Release|x64.Build.0 = Release|Any CPU
		{C1691CFD-A893-4D2F-B75A-CAB48C1CC1A4}.Release|x64.Deploy.0 = Release|Any CPU
		{C1691CFD-A893-4D2F-B75A-CAB48C1CC1A4}.Release|x86.ActiveCfg = Release|Any CPU
		{C1691CFD-A893-4D2F-B75A-CAB48C1CC1A4}.Release|x86.Build.0 = Release|Any CPU
		{C1691CFD-A893-4D2F-B75A-CAB48C1CC1A4}.Release|x86.Deploy.0 = Release|Any CPU
		{B431A4B8-576D-44FA-BC94-32E1C4CDB7E0}.Ad-Hoc|Any CPU.ActiveCfg = Ad-Hoc|iPhone
		{B431A4B8-576D-44FA-BC94-32E1C4CDB7E0}.Ad-Hoc|Any CPU.Build.0 = Ad-Hoc|iPhone
		{B431A4B8-576D-44FA-BC94-32E1C4CDB7E0}.Ad-Hoc|Any CPU.Deploy.0 = Ad-Hoc|iPhone
		{B431A4B8-576D-44FA-BC94-32E1C4CDB7E0}.Ad-Hoc|ARM.ActiveCfg = Ad-Hoc|iPhone
		{B431A4B8-576D-44FA-BC94-32E1C4CDB7E0}.Ad-Hoc|ARM.Build.0 = Ad-Hoc|iPhone
		{B431A4B8-576D-44FA-BC94-32E1C4CDB7E0}.Ad-Hoc|ARM.Deploy.0 = Ad-Hoc|iPhone
		{B431A4B8-576D-44FA-BC94-32E1C4CDB7E0}.Ad-Hoc|iPhone.ActiveCfg = Ad-Hoc|iPhone
		{B431A4B8-576D-44FA-BC94-32E1C4CDB7E0}.Ad-Hoc|iPhone.Build.0 = Ad-Hoc|iPhone
		{B431A4B8-576D-44FA-BC94-32E1C4CDB7E0}.Ad-Hoc|iPhone.Deploy.0 = Ad-Hoc|iPhone
		{B431A4B8-576D-44FA-BC94-32E1C4CDB7E0}.Ad-Hoc|iPhoneSimulator.ActiveCfg = Ad-Hoc|iPhoneSimulator
		{B431A4B8-576D-44FA-BC94-32E1C4CDB7E0}.Ad-Hoc|iPhoneSimulator.Build.0 = Ad-Hoc|iPhoneSimulator
		{B431A4B8-576D-44FA-BC94-32E1C4CDB7E0}.Ad-Hoc|iPhoneSimulator.Deploy.0 = Ad-Hoc|iPhoneSimulator
		{B431A4B8-576D-44FA-BC94-32E1C4CDB7E0}.Ad-Hoc|x64.ActiveCfg = Ad-Hoc|iPhone
		{B431A4B8-576D-44FA-BC94-32E1C4CDB7E0}.Ad-Hoc|x64.Build.0 = Ad-Hoc|iPhone
		{B431A4B8-576D-44FA-BC94-32E1C4CDB7E0}.Ad-Hoc|x64.Deploy.0 = Ad-Hoc|iPhone
		{B431A4B8-576D-44FA-BC94-32E1C4CDB7E0}.Ad-Hoc|x86.ActiveCfg = Ad-Hoc|iPhone
		{B431A4B8-576D-44FA-BC94-32E1C4CDB7E0}.Ad-Hoc|x86.Build.0 = Ad-Hoc|iPhone
		{B431A4B8-576D-44FA-BC94-32E1C4CDB7E0}.Ad-Hoc|x86.Deploy.0 = Ad-Hoc|iPhone
		{B431A4B8-576D-44FA-BC94-32E1C4CDB7E0}.AppStore|Any CPU.ActiveCfg = AppStore|iPhone
		{B431A4B8-576D-44FA-BC94-32E1C4CDB7E0}.AppStore|Any CPU.Build.0 = AppStore|iPhone
		{B431A4B8-576D-44FA-BC94-32E1C4CDB7E0}.AppStore|Any CPU.Deploy.0 = AppStore|iPhone
		{B431A4B8-576D-44FA-BC94-32E1C4CDB7E0}.AppStore|ARM.ActiveCfg = AppStore|iPhone
		{B431A4B8-576D-44FA-BC94-32E1C4CDB7E0}.AppStore|ARM.Build.0 = AppStore|iPhone
		{B431A4B8-576D-44FA-BC94-32E1C4CDB7E0}.AppStore|ARM.Deploy.0 = AppStore|iPhone
		{B431A4B8-576D-44FA-BC94-32E1C4CDB7E0}.AppStore|iPhone.ActiveCfg = AppStore|iPhone
		{B431A4B8-576D-44FA-BC94-32E1C4CDB7E0}.AppStore|iPhone.Build.0 = AppStore|iPhone
		{B431A4B8-576D-44FA-BC94-32E1C4CDB7E0}.AppStore|iPhone.Deploy.0 = AppStore|iPhone
		{B431A4B8-576D-44FA-BC94-32E1C4CDB7E0}.AppStore|iPhoneSimulator.ActiveCfg = AppStore|iPhoneSimulator
		{B431A4B8-576D-44FA-BC94-32E1C4CDB7E0}.AppStore|iPhoneSimulator.Build.0 = AppStore|iPhoneSimulator
		{B431A4B8-576D-44FA-BC94-32E1C4CDB7E0}.AppStore|iPhoneSimulator.Deploy.0 = AppStore|iPhoneSimulator
		{B431A4B8-576D-44FA-BC94-32E1C4CDB7E0}.AppStore|x64.ActiveCfg = AppStore|iPhone
		{B431A4B8-576D-44FA-BC94-32E1C4CDB7E0}.AppStore|x64.Build.0 = AppStore|iPhone
		{B431A4B8-576D-44FA-BC94-32E1C4CDB7E0}.AppStore|x64.Deploy.0 = AppStore|iPhone
		{B431A4B8-576D-44FA-BC94-32E1C4CDB7E0}.AppStore|x86.ActiveCfg = AppStore|iPhone
		{B431A4B8-576D-44FA-BC94-32E1C4CDB7E0}.AppStore|x86.Build.0 = AppStore|iPhone
		{B431A4B8-576D-44FA-BC94-32E1C4CDB7E0}.AppStore|x86.Deploy.0 = AppStore|iPhone
		{B431A4B8-576D-44FA-BC94-32E1C4CDB7E0}.Debug|Any CPU.ActiveCfg = Debug|iPhoneSimulator
		{B431A4B8-576D-44FA-BC94-32E1C4CDB7E0}.Debug|Any CPU.Build.0 = Debug|iPhoneSimulator
		{B431A4B8-576D-44FA-BC94-32E1C4CDB7E0}.Debug|Any CPU.Deploy.0 = Debug|iPhoneSimulator
		{B431A4B8-576D-44FA-BC94-32E1C4CDB7E0}.Debug|ARM.ActiveCfg = Debug|iPhone
		{B431A4B8-576D-44FA-BC94-32E1C4CDB7E0}.Debug|ARM.Build.0 = Debug|iPhone
		{B431A4B8-576D-44FA-BC94-32E1C4CDB7E0}.Debug|ARM.Deploy.0 = Debug|iPhone
		{B431A4B8-576D-44FA-BC94-32E1C4CDB7E0}.Debug|iPhone.ActiveCfg = Debug|iPhone
		{B431A4B8-576D-44FA-BC94-32E1C4CDB7E0}.Debug|iPhone.Build.0 = Debug|iPhone
		{B431A4B8-576D-44FA-BC94-32E1C4CDB7E0}.Debug|iPhone.Deploy.0 = Debug|iPhone
		{B431A4B8-576D-44FA-BC94-32E1C4CDB7E0}.Debug|iPhoneSimulator.ActiveCfg = Debug|iPhoneSimulator
		{B431A4B8-576D-44FA-BC94-32E1C4CDB7E0}.Debug|iPhoneSimulator.Build.0 = Debug|iPhoneSimulator
		{B431A4B8-576D-44FA-BC94-32E1C4CDB7E0}.Debug|iPhoneSimulator.Deploy.0 = Debug|iPhoneSimulator
		{B431A4B8-576D-44FA-BC94-32E1C4CDB7E0}.Debug|x64.ActiveCfg = Debug|iPhone
		{B431A4B8-576D-44FA-BC94-32E1C4CDB7E0}.Debug|x64.Build.0 = Debug|iPhone
		{B431A4B8-576D-44FA-BC94-32E1C4CDB7E0}.Debug|x64.Deploy.0 = Debug|iPhone
		{B431A4B8-576D-44FA-BC94-32E1C4CDB7E0}.Debug|x86.ActiveCfg = Debug|iPhone
		{B431A4B8-576D-44FA-BC94-32E1C4CDB7E0}.Debug|x86.Build.0 = Debug|iPhone
		{B431A4B8-576D-44FA-BC94-32E1C4CDB7E0}.Debug|x86.Deploy.0 = Debug|iPhone
		{B431A4B8-576D-44FA-BC94-32E1C4CDB7E0}.Release|Any CPU.ActiveCfg = Release|iPhone
		{B431A4B8-576D-44FA-BC94-32E1C4CDB7E0}.Release|Any CPU.Build.0 = Release|iPhone
		{B431A4B8-576D-44FA-BC94-32E1C4CDB7E0}.Release|Any CPU.Deploy.0 = Release|iPhone
		{B431A4B8-576D-44FA-BC94-32E1C4CDB7E0}.Release|ARM.ActiveCfg = Release|iPhone
		{B431A4B8-576D-44FA-BC94-32E1C4CDB7E0}.Release|ARM.Build.0 = Release|iPhone
		{B431A4B8-576D-44FA-BC94-32E1C4CDB7E0}.Release|ARM.Deploy.0 = Release|iPhone
		{B431A4B8-576D-44FA-BC94-32E1C4CDB7E0}.Release|iPhone.ActiveCfg = Release|iPhone
		{B431A4B8-576D-44FA-BC94-32E1C4CDB7E0}.Release|iPhone.Build.0 = Release|iPhone
		{B431A4B8-576D-44FA-BC94-32E1C4CDB7E0}.Release|iPhone.Deploy.0 = Release|iPhone
		{B431A4B8-576D-44FA-BC94-32E1C4CDB7E0}.Release|iPhoneSimulator.ActiveCfg = Release|iPhoneSimulator
		{B431A4B8-576D-44FA-BC94-32E1C4CDB7E0}.Release|iPhoneSimulator.Build.0 = Release|iPhoneSimulator
		{B431A4B8-576D-44FA-BC94-32E1C4CDB7E0}.Release|iPhoneSimulator.Deploy.0 = Release|iPhoneSimulator
		{B431A4B8-576D-44FA-BC94-32E1C4CDB7E0}.Release|x64.ActiveCfg = Release|iPhone
		{B431A4B8-576D-44FA-BC94-32E1C4CDB7E0}.Release|x64.Build.0 = Release|iPhone
		{B431A4B8-576D-44FA-BC94-32E1C4CDB7E0}.Release|x64.Deploy.0 = Release|iPhone
		{B431A4B8-576D-44FA-BC94-32E1C4CDB7E0}.Release|x86.ActiveCfg = Release|iPhone
		{B431A4B8-576D-44FA-BC94-32E1C4CDB7E0}.Release|x86.Build.0 = Release|iPhone
		{B431A4B8-576D-44FA-BC94-32E1C4CDB7E0}.Release|x86.Deploy.0 = Release|iPhone
		{0D775D3C-D1FF-47D9-8751-221C3CD3544C}.Ad-Hoc|Any CPU.ActiveCfg = Release|x86
		{0D775D3C-D1FF-47D9-8751-221C3CD3544C}.Ad-Hoc|Any CPU.Build.0 = Release|x86
		{0D775D3C-D1FF-47D9-8751-221C3CD3544C}.Ad-Hoc|Any CPU.Deploy.0 = Release|x86
		{0D775D3C-D1FF-47D9-8751-221C3CD3544C}.Ad-Hoc|ARM.ActiveCfg = Release|ARM
		{0D775D3C-D1FF-47D9-8751-221C3CD3544C}.Ad-Hoc|ARM.Build.0 = Release|ARM
		{0D775D3C-D1FF-47D9-8751-221C3CD3544C}.Ad-Hoc|ARM.Deploy.0 = Release|ARM
		{0D775D3C-D1FF-47D9-8751-221C3CD3544C}.Ad-Hoc|iPhone.ActiveCfg = Release|x86
		{0D775D3C-D1FF-47D9-8751-221C3CD3544C}.Ad-Hoc|iPhone.Build.0 = Release|x86
		{0D775D3C-D1FF-47D9-8751-221C3CD3544C}.Ad-Hoc|iPhone.Deploy.0 = Release|x86
		{0D775D3C-D1FF-47D9-8751-221C3CD3544C}.Ad-Hoc|iPhoneSimulator.ActiveCfg = Release|x86
		{0D775D3C-D1FF-47D9-8751-221C3CD3544C}.Ad-Hoc|iPhoneSimulator.Build.0 = Release|x86
		{0D775D3C-D1FF-47D9-8751-221C3CD3544C}.Ad-Hoc|iPhoneSimulator.Deploy.0 = Release|x86
		{0D775D3C-D1FF-47D9-8751-221C3CD3544C}.Ad-Hoc|x64.ActiveCfg = Release|x64
		{0D775D3C-D1FF-47D9-8751-221C3CD3544C}.Ad-Hoc|x64.Build.0 = Release|x64
		{0D775D3C-D1FF-47D9-8751-221C3CD3544C}.Ad-Hoc|x64.Deploy.0 = Release|x64
		{0D775D3C-D1FF-47D9-8751-221C3CD3544C}.Ad-Hoc|x86.ActiveCfg = Release|x86
		{0D775D3C-D1FF-47D9-8751-221C3CD3544C}.Ad-Hoc|x86.Build.0 = Release|x86
		{0D775D3C-D1FF-47D9-8751-221C3CD3544C}.Ad-Hoc|x86.Deploy.0 = Release|x86
		{0D775D3C-D1FF-47D9-8751-221C3CD3544C}.AppStore|Any CPU.ActiveCfg = Release|x86
		{0D775D3C-D1FF-47D9-8751-221C3CD3544C}.AppStore|Any CPU.Build.0 = Release|x86
		{0D775D3C-D1FF-47D9-8751-221C3CD3544C}.AppStore|Any CPU.Deploy.0 = Release|x86
		{0D775D3C-D1FF-47D9-8751-221C3CD3544C}.AppStore|ARM.ActiveCfg = Release|ARM
		{0D775D3C-D1FF-47D9-8751-221C3CD3544C}.AppStore|ARM.Build.0 = Release|ARM
		{0D775D3C-D1FF-47D9-8751-221C3CD3544C}.AppStore|ARM.Deploy.0 = Release|ARM
		{0D775D3C-D1FF-47D9-8751-221C3CD3544C}.AppStore|iPhone.ActiveCfg = Release|x86
		{0D775D3C-D1FF-47D9-8751-221C3CD3544C}.AppStore|iPhone.Build.0 = Release|x86
		{0D775D3C-D1FF-47D9-8751-221C3CD3544C}.AppStore|iPhone.Deploy.0 = Release|x86
		{0D775D3C-D1FF-47D9-8751-221C3CD3544C}.AppStore|iPhoneSimulator.ActiveCfg = Release|x86
		{0D775D3C-D1FF-47D9-8751-221C3CD3544C}.AppStore|iPhoneSimulator.Build.0 = Release|x86
		{0D775D3C-D1FF-47D9-8751-221C3CD3544C}.AppStore|iPhoneSimulator.Deploy.0 = Release|x86
		{0D775D3C-D1FF-47D9-8751-221C3CD3544C}.AppStore|x64.ActiveCfg = Release|x64
		{0D775D3C-D1FF-47D9-8751-221C3CD3544C}.AppStore|x64.Build.0 = Release|x64
		{0D775D3C-D1FF-47D9-8751-221C3CD3544C}.AppStore|x64.Deploy.0 = Release|x64
		{0D775D3C-D1FF-47D9-8751-221C3CD3544C}.AppStore|x86.ActiveCfg = Release|x86
		{0D775D3C-D1FF-47D9-8751-221C3CD3544C}.AppStore|x86.Build.0 = Release|x86
		{0D775D3C-D1FF-47D9-8751-221C3CD3544C}.AppStore|x86.Deploy.0 = Release|x86
		{0D775D3C-D1FF-47D9-8751-221C3CD3544C}.Debug|Any CPU.ActiveCfg = Debug|x86
		{0D775D3C-D1FF-47D9-8751-221C3CD3544C}.Debug|Any CPU.Build.0 = Debug|x86
		{0D775D3C-D1FF-47D9-8751-221C3CD3544C}.Debug|Any CPU.Deploy.0 = Debug|x86
		{0D775D3C-D1FF-47D9-8751-221C3CD3544C}.Debug|ARM.ActiveCfg = Debug|ARM
		{0D775D3C-D1FF-47D9-8751-221C3CD3544C}.Debug|ARM.Build.0 = Debug|ARM
		{0D775D3C-D1FF-47D9-8751-221C3CD3544C}.Debug|ARM.Deploy.0 = Debug|ARM
		{0D775D3C-D1FF-47D9-8751-221C3CD3544C}.Debug|iPhone.ActiveCfg = Debug|x86
		{0D775D3C-D1FF-47D9-8751-221C3CD3544C}.Debug|iPhone.Build.0 = Debug|x86
		{0D775D3C-D1FF-47D9-8751-221C3CD3544C}.Debug|iPhone.Deploy.0 = Debug|x86
		{0D775D3C-D1FF-47D9-8751-221C3CD3544C}.Debug|iPhoneSimulator.ActiveCfg = Debug|x86
		{0D775D3C-D1FF-47D9-8751-221C3CD3544C}.Debug|iPhoneSimulator.Build.0 = Debug|x86
		{0D775D3C-D1FF-47D9-8751-221C3CD3544C}.Debug|iPhoneSimulator.Deploy.0 = Debug|x86
		{0D775D3C-D1FF-47D9-8751-221C3CD3544C}.Debug|x64.ActiveCfg = Debug|x64
		{0D775D3C-D1FF-47D9-8751-221C3CD3544C}.Debug|x64.Build.0 = Debug|x64
		{0D775D3C-D1FF-47D9-8751-221C3CD3544C}.Debug|x64.Deploy.0 = Debug|x64
		{0D775D3C-D1FF-47D9-8751-221C3CD3544C}.Debug|x86.ActiveCfg = Debug|x86
		{0D775D3C-D1FF-47D9-8751-221C3CD3544C}.Debug|x86.Build.0 = Debug|x86
		{0D775D3C-D1FF-47D9-8751-221C3CD3544C}.Debug|x86.Deploy.0 = Debug|x86
		{0D775D3C-D1FF-47D9-8751-221C3CD3544C}.Release|Any CPU.ActiveCfg = Release|x86
		{0D775D3C-D1FF-47D9-8751-221C3CD3544C}.Release|Any CPU.Build.0 = Release|x86
		{0D775D3C-D1FF-47D9-8751-221C3CD3544C}.Release|Any CPU.Deploy.0 = Release|x86
		{0D775D3C-D1FF-47D9-8751-221C3CD3544C}.Release|ARM.ActiveCfg = Release|ARM
		{0D775D3C-D1FF-47D9-8751-221C3CD3544C}.Release|ARM.Build.0 = Release|ARM
		{0D775D3C-D1FF-47D9-8751-221C3CD3544C}.Release|ARM.Deploy.0 = Release|ARM
		{0D775D3C-D1FF-47D9-8751-221C3CD3544C}.Release|iPhone.ActiveCfg = Release|x86
		{0D775D3C-D1FF-47D9-8751-221C3CD3544C}.Release|iPhone.Build.0 = Release|x86
		{0D775D3C-D1FF-47D9-8751-221C3CD3544C}.Release|iPhone.Deploy.0 = Release|x86
		{0D775D3C-D1FF-47D9-8751-221C3CD3544C}.Release|iPhoneSimulator.ActiveCfg = Release|x86
		{0D775D3C-D1FF-47D9-8751-221C3CD3544C}.Release|iPhoneSimulator.Build.0 = Release|x86
		{0D775D3C-D1FF-47D9-8751-221C3CD3544C}.Release|iPhoneSimulator.Deploy.0 = Release|x86
		{0D775D3C-D1FF-47D9-8751-221C3CD3544C}.Release|x64.ActiveCfg = Release|x64
		{0D775D3C-D1FF-47D9-8751-221C3CD3544C}.Release|x64.Build.0 = Release|x64
		{0D775D3C-D1FF-47D9-8751-221C3CD3544C}.Release|x64.Deploy.0 = Release|x64
		{0D775D3C-D1FF-47D9-8751-221C3CD3544C}.Release|x86.ActiveCfg = Release|x86
		{0D775D3C-D1FF-47D9-8751-221C3CD3544C}.Release|x86.Build.0 = Release|x86
		{0D775D3C-D1FF-47D9-8751-221C3CD3544C}.Release|x86.Deploy.0 = Release|x86
		{3F7848DB-9C1B-4E2D-8F86-A9A4DFF6160B}.Ad-Hoc|Any CPU.ActiveCfg = Debug|Any CPU
		{3F7848DB-9C1B-4E2D-8F86-A9A4DFF6160B}.Ad-Hoc|Any CPU.Build.0 = Debug|Any CPU
		{3F7848DB-9C1B-4E2D-8F86-A9A4DFF6160B}.Ad-Hoc|Any CPU.Deploy.0 = Debug|Any CPU
		{3F7848DB-9C1B-4E2D-8F86-A9A4DFF6160B}.Ad-Hoc|ARM.ActiveCfg = Debug|Any CPU
		{3F7848DB-9C1B-4E2D-8F86-A9A4DFF6160B}.Ad-Hoc|ARM.Build.0 = Debug|Any CPU
		{3F7848DB-9C1B-4E2D-8F86-A9A4DFF6160B}.Ad-Hoc|ARM.Deploy.0 = Debug|Any CPU
		{3F7848DB-9C1B-4E2D-8F86-A9A4DFF6160B}.Ad-Hoc|iPhone.ActiveCfg = Debug|Any CPU
		{3F7848DB-9C1B-4E2D-8F86-A9A4DFF6160B}.Ad-Hoc|iPhone.Build.0 = Debug|Any CPU
		{3F7848DB-9C1B-4E2D-8F86-A9A4DFF6160B}.Ad-Hoc|iPhone.Deploy.0 = Debug|Any CPU
		{3F7848DB-9C1B-4E2D-8F86-A9A4DFF6160B}.Ad-Hoc|iPhoneSimulator.ActiveCfg = Debug|Any CPU
		{3F7848DB-9C1B-4E2D-8F86-A9A4DFF6160B}.Ad-Hoc|iPhoneSimulator.Build.0 = Debug|Any CPU
		{3F7848DB-9C1B-4E2D-8F86-A9A4DFF6160B}.Ad-Hoc|iPhoneSimulator.Deploy.0 = Debug|Any CPU
		{3F7848DB-9C1B-4E2D-8F86-A9A4DFF6160B}.Ad-Hoc|x64.ActiveCfg = Debug|Any CPU
		{3F7848DB-9C1B-4E2D-8F86-A9A4DFF6160B}.Ad-Hoc|x64.Build.0 = Debug|Any CPU
		{3F7848DB-9C1B-4E2D-8F86-A9A4DFF6160B}.Ad-Hoc|x64.Deploy.0 = Debug|Any CPU
		{3F7848DB-9C1B-4E2D-8F86-A9A4DFF6160B}.Ad-Hoc|x86.ActiveCfg = Debug|Any CPU
		{3F7848DB-9C1B-4E2D-8F86-A9A4DFF6160B}.Ad-Hoc|x86.Build.0 = Debug|Any CPU
		{3F7848DB-9C1B-4E2D-8F86-A9A4DFF6160B}.Ad-Hoc|x86.Deploy.0 = Debug|Any CPU
		{3F7848DB-9C1B-4E2D-8F86-A9A4DFF6160B}.AppStore|Any CPU.ActiveCfg = Debug|Any CPU
		{3F7848DB-9C1B-4E2D-8F86-A9A4DFF6160B}.AppStore|Any CPU.Build.0 = Debug|Any CPU
		{3F7848DB-9C1B-4E2D-8F86-A9A4DFF6160B}.AppStore|Any CPU.Deploy.0 = Debug|Any CPU
		{3F7848DB-9C1B-4E2D-8F86-A9A4DFF6160B}.AppStore|ARM.ActiveCfg = Debug|Any CPU
		{3F7848DB-9C1B-4E2D-8F86-A9A4DFF6160B}.AppStore|ARM.Build.0 = Debug|Any CPU
		{3F7848DB-9C1B-4E2D-8F86-A9A4DFF6160B}.AppStore|ARM.Deploy.0 = Debug|Any CPU
		{3F7848DB-9C1B-4E2D-8F86-A9A4DFF6160B}.AppStore|iPhone.ActiveCfg = Debug|Any CPU
		{3F7848DB-9C1B-4E2D-8F86-A9A4DFF6160B}.AppStore|iPhone.Build.0 = Debug|Any CPU
		{3F7848DB-9C1B-4E2D-8F86-A9A4DFF6160B}.AppStore|iPhone.Deploy.0 = Debug|Any CPU
		{3F7848DB-9C1B-4E2D-8F86-A9A4DFF6160B}.AppStore|iPhoneSimulator.ActiveCfg = Debug|Any CPU
		{3F7848DB-9C1B-4E2D-8F86-A9A4DFF6160B}.AppStore|iPhoneSimulator.Build.0 = Debug|Any CPU
		{3F7848DB-9C1B-4E2D-8F86-A9A4DFF6160B}.AppStore|iPhoneSimulator.Deploy.0 = Debug|Any CPU
		{3F7848DB-9C1B-4E2D-8F86-A9A4DFF6160B}.AppStore|x64.ActiveCfg = Debug|Any CPU
		{3F7848DB-9C1B-4E2D-8F86-A9A4DFF6160B}.AppStore|x64.Build.0 = Debug|Any CPU
		{3F7848DB-9C1B-4E2D-8F86-A9A4DFF6160B}.AppStore|x64.Deploy.0 = Debug|Any CPU
		{3F7848DB-9C1B-4E2D-8F86-A9A4DFF6160B}.AppStore|x86.ActiveCfg = Debug|Any CPU
		{3F7848DB-9C1B-4E2D-8F86-A9A4DFF6160B}.AppStore|x86.Build.0 = Debug|Any CPU
		{3F7848DB-9C1B-4E2D-8F86-A9A4DFF6160B}.AppStore|x86.Deploy.0 = Debug|Any CPU
		{3F7848DB-9C1B-4E2D-8F86-A9A4DFF6160B}.Debug|Any CPU.ActiveCfg = Debug|Any CPU
		{3F7848DB-9C1B-4E2D-8F86-A9A4DFF6160B}.Debug|Any CPU.Build.0 = Debug|Any CPU
		{3F7848DB-9C1B-4E2D-8F86-A9A4DFF6160B}.Debug|Any CPU.Deploy.0 = Debug|Any CPU
		{3F7848DB-9C1B-4E2D-8F86-A9A4DFF6160B}.Debug|ARM.ActiveCfg = Debug|Any CPU
		{3F7848DB-9C1B-4E2D-8F86-A9A4DFF6160B}.Debug|ARM.Build.0 = Debug|Any CPU
		{3F7848DB-9C1B-4E2D-8F86-A9A4DFF6160B}.Debug|ARM.Deploy.0 = Debug|Any CPU
		{3F7848DB-9C1B-4E2D-8F86-A9A4DFF6160B}.Debug|iPhone.ActiveCfg = Debug|Any CPU
		{3F7848DB-9C1B-4E2D-8F86-A9A4DFF6160B}.Debug|iPhone.Build.0 = Debug|Any CPU
		{3F7848DB-9C1B-4E2D-8F86-A9A4DFF6160B}.Debug|iPhone.Deploy.0 = Debug|Any CPU
		{3F7848DB-9C1B-4E2D-8F86-A9A4DFF6160B}.Debug|iPhoneSimulator.ActiveCfg = Debug|Any CPU
		{3F7848DB-9C1B-4E2D-8F86-A9A4DFF6160B}.Debug|iPhoneSimulator.Build.0 = Debug|Any CPU
		{3F7848DB-9C1B-4E2D-8F86-A9A4DFF6160B}.Debug|iPhoneSimulator.Deploy.0 = Debug|Any CPU
		{3F7848DB-9C1B-4E2D-8F86-A9A4DFF6160B}.Debug|x64.ActiveCfg = Debug|Any CPU
		{3F7848DB-9C1B-4E2D-8F86-A9A4DFF6160B}.Debug|x64.Build.0 = Debug|Any CPU
		{3F7848DB-9C1B-4E2D-8F86-A9A4DFF6160B}.Debug|x64.Deploy.0 = Debug|Any CPU
		{3F7848DB-9C1B-4E2D-8F86-A9A4DFF6160B}.Debug|x86.ActiveCfg = Debug|Any CPU
		{3F7848DB-9C1B-4E2D-8F86-A9A4DFF6160B}.Debug|x86.Build.0 = Debug|Any CPU
		{3F7848DB-9C1B-4E2D-8F86-A9A4DFF6160B}.Debug|x86.Deploy.0 = Debug|Any CPU
		{3F7848DB-9C1B-4E2D-8F86-A9A4DFF6160B}.Release|Any CPU.ActiveCfg = Release|Any CPU
		{3F7848DB-9C1B-4E2D-8F86-A9A4DFF6160B}.Release|Any CPU.Build.0 = Release|Any CPU
		{3F7848DB-9C1B-4E2D-8F86-A9A4DFF6160B}.Release|Any CPU.Deploy.0 = Release|Any CPU
		{3F7848DB-9C1B-4E2D-8F86-A9A4DFF6160B}.Release|ARM.ActiveCfg = Release|Any CPU
		{3F7848DB-9C1B-4E2D-8F86-A9A4DFF6160B}.Release|ARM.Build.0 = Release|Any CPU
		{3F7848DB-9C1B-4E2D-8F86-A9A4DFF6160B}.Release|ARM.Deploy.0 = Release|Any CPU
		{3F7848DB-9C1B-4E2D-8F86-A9A4DFF6160B}.Release|iPhone.ActiveCfg = Release|Any CPU
		{3F7848DB-9C1B-4E2D-8F86-A9A4DFF6160B}.Release|iPhone.Build.0 = Release|Any CPU
		{3F7848DB-9C1B-4E2D-8F86-A9A4DFF6160B}.Release|iPhone.Deploy.0 = Release|Any CPU
		{3F7848DB-9C1B-4E2D-8F86-A9A4DFF6160B}.Release|iPhoneSimulator.ActiveCfg = Release|Any CPU
		{3F7848DB-9C1B-4E2D-8F86-A9A4DFF6160B}.Release|iPhoneSimulator.Build.0 = Release|Any CPU
		{3F7848DB-9C1B-4E2D-8F86-A9A4DFF6160B}.Release|iPhoneSimulator.Deploy.0 = Release|Any CPU
		{3F7848DB-9C1B-4E2D-8F86-A9A4DFF6160B}.Release|x64.ActiveCfg = Release|Any CPU
		{3F7848DB-9C1B-4E2D-8F86-A9A4DFF6160B}.Release|x64.Build.0 = Release|Any CPU
		{3F7848DB-9C1B-4E2D-8F86-A9A4DFF6160B}.Release|x64.Deploy.0 = Release|Any CPU
		{3F7848DB-9C1B-4E2D-8F86-A9A4DFF6160B}.Release|x86.ActiveCfg = Release|Any CPU
		{3F7848DB-9C1B-4E2D-8F86-A9A4DFF6160B}.Release|x86.Build.0 = Release|Any CPU
		{3F7848DB-9C1B-4E2D-8F86-A9A4DFF6160B}.Release|x86.Deploy.0 = Release|Any CPU
	EndGlobalSection
	GlobalSection(SolutionProperties) = preSolution
		HideSolutionNode = FALSE
	EndGlobalSection
	GlobalSection(ExtensibilityGlobals) = postSolution
		SolutionGuid = {7DD5D234-D508-4BED-A05A-A4E74296B8E6}
	EndGlobalSection
EndGlobal
